
Microsoft Visual Studio Solution File, Format Version 12.00
# Visual Studio Version 16
VisualStudioVersion = 16.0.30523.141
MinimumVisualStudioVersion = 10.0.40219.1
Project("{FAE04EC0-301F-11D3-BF4B-00C04F79EFBC}") = "Interfaces", "Interfaces\Interfaces.csproj", "{8704DC83-FF39-42D2-9643-C8EB345DAD39}"
EndProject
Project("{FAE04EC0-301F-11D3-BF4B-00C04F79EFBC}") = "Logica de negocios", "Logica de negocios\Logica de negocios.csproj", "{DC076227-8A85-4933-B458-78871CE1E567}"
EndProject
Global
	GlobalSection(SolutionConfigurationPlatforms) = preSolution
		Debug|Any CPU = Debug|Any CPU
		Release|Any CPU = Release|Any CPU
	EndGlobalSection
	GlobalSection(ProjectConfigurationPlatforms) = postSolution
		{8704DC83-FF39-42D2-9643-C8EB345DAD39}.Debug|Any CPU.ActiveCfg = Debug|Any CPU
		{8704DC83-FF39-42D2-9643-C8EB345DAD39}.Debug|Any CPU.Build.0 = Debug|Any CPU
		{8704DC83-FF39-42D2-9643-C8EB345DAD39}.Release|Any CPU.ActiveCfg = Release|Any CPU
		{8704DC83-FF39-42D2-9643-C8EB345DAD39}.Release|Any CPU.Build.0 = Release|Any CPU
		{DC076227-8A85-4933-B458-78871CE1E567}.Debug|Any CPU.ActiveCfg = Debug|Any CPU
		{DC076227-8A85-4933-B458-78871CE1E567}.Debug|Any CPU.Build.0 = Debug|Any CPU
		{DC076227-8A85-4933-B458-78871CE1E567}.Release|Any CPU.ActiveCfg = Release|Any CPU
		{DC076227-8A85-4933-B458-78871CE1E567}.Release|Any CPU.Build.0 = Release|Any CPU
	EndGlobalSection
	GlobalSection(SolutionProperties) = preSolution
		HideSolutionNode = FALSE
	EndGlobalSection
	GlobalSection(ExtensibilityGlobals) = postSolution
		SolutionGuid = {0F35B442-A2E6-4CBD-9C78-776A7BA3D137}
	EndGlobalSection
EndGlobal
